
Microsoft Visual Studio Solution File, Format Version 12.00
Project("{FAE04EC0-301F-11D3-BF4B-00C04F79EFBC}") = "System.Private.CoreLib", "..\coreclr\System.Private.CoreLib\System.Private.CoreLib.csproj", "{CEDB81BB-E627-4385-85A6-935212FA6C25}"
EndProject
Project("{D954291E-2A0B-460D-934E-DC6B0785DB48}") = "System.Private.CoreLib.Shared", "System.Private.CoreLib\src\System.Private.CoreLib.Shared.shproj", "{97E4882F-A9D2-4FCE-B6FF-0566020BCF75}"
EndProject
Project("{FAE04EC0-301F-11D3-BF4B-00C04F79EFBC}") = "System.Private.CoreLib.Generators", "System.Private.CoreLib\gen\System.Private.CoreLib.Generators.csproj", "{C6F4837B-74A1-4542-B431-F6EEEB030980}"
EndProject
Project("{FAE04EC0-301F-11D3-BF4B-00C04F79EFBC}") = "System.Collections.Concurrent", "System.Collections.Concurrent\src\System.Collections.Concurrent.csproj", "{75BF49CA-0B4D-47FA-A7DF-D76BD8DCC356}"
EndProject
Project("{FAE04EC0-301F-11D3-BF4B-00C04F79EFBC}") = "System.Collections.Immutable", "System.Collections.Immutable\src\System.Collections.Immutable.csproj", "{A8572AA4-6614-4746-945E-6528A8335695}"
EndProject
Project("{FAE04EC0-301F-11D3-BF4B-00C04F79EFBC}") = "System.Collections", "System.Collections\src\System.Collections.csproj", "{8A0C4A78-37F5-4959-A068-44934D1DB50B}"
EndProject
Project("{FAE04EC0-301F-11D3-BF4B-00C04F79EFBC}") = "System.Collections.NonGeneric", "System.Collections.NonGeneric\src\System.Collections.NonGeneric.csproj", "{BCA2DFB2-9025-4E61-964E-BC41D2649E55}"
EndProject
Project("{FAE04EC0-301F-11D3-BF4B-00C04F79EFBC}") = "System.Collections.Specialized", "System.Collections.Specialized\src\System.Collections.Specialized.csproj", "{B190C896-9C93-4AA9-85E0-9784F74741B2}"
EndProject
Project("{FAE04EC0-301F-11D3-BF4B-00C04F79EFBC}") = "System.Linq", "System.Linq\src\System.Linq.csproj", "{C689D4D7-A78D-4CCE-9778-E812DD4DD9C2}"
EndProject
Project("{FAE04EC0-301F-11D3-BF4B-00C04F79EFBC}") = "System.Linq.Expressions", "System.Linq.Expressions\src\System.Linq.Expressions.csproj", "{5CCC06F3-4C7F-4EE8-BE55-8C0BE5535106}"
EndProject
Project("{FAE04EC0-301F-11D3-BF4B-00C04F79EFBC}") = "System.Linq.Parallel", "System.Linq.Parallel\src\System.Linq.Parallel.csproj", "{A604F4DB-F386-4CE9-A3DC-903C602275CF}"
EndProject
Project("{FAE04EC0-301F-11D3-BF4B-00C04F79EFBC}") = "System.Linq.Queryable", "System.Linq.Queryable\src\System.Linq.Queryable.csproj", "{1728E766-2FCA-4E83-8187-530B110EBFF8}"
EndProject
Project("{FAE04EC0-301F-11D3-BF4B-00C04F79EFBC}") = "System.ComponentModel.Primitives", "System.ComponentModel.Primitives\src\System.ComponentModel.Primitives.csproj", "{B94DF97B-0082-4B69-BB68-019D86CAB427}"
EndProject
Project("{FAE04EC0-301F-11D3-BF4B-00C04F79EFBC}") = "System.ComponentModel", "System.ComponentModel\src\System.ComponentModel.csproj", "{AAEB8C75-2C27-4505-9AC6-DCA2612D907A}"
EndProject
Project("{FAE04EC0-301F-11D3-BF4B-00C04F79EFBC}") = "System.ComponentModel.Annotations", "System.ComponentModel.Annotations\src\System.ComponentModel.Annotations.csproj", "{7C440914-A6F1-4DB8-B839-3BD34099B03D}"
EndProject
Project("{FAE04EC0-301F-11D3-BF4B-00C04F79EFBC}") = "System.ObjectModel", "System.ObjectModel\src\System.ObjectModel.csproj", "{6F245BE9-F5FB-4EAD-B315-C57CECE8C4BD}"
EndProject
Project("{FAE04EC0-301F-11D3-BF4B-00C04F79EFBC}") = "System.Threading", "System.Threading\src\System.Threading.csproj", "{2E747DA4-41A5-401B-AA67-40A21DBC1E4C}"
EndProject
Project("{FAE04EC0-301F-11D3-BF4B-00C04F79EFBC}") = "LibraryImportGenerator", "System.Runtime.InteropServices\gen\LibraryImportGenerator\LibraryImportGenerator.csproj", "{3FE912EA-3C5A-4E0D-9305-7B1BE8BB4025}"
EndProject
Project("{FAE04EC0-301F-11D3-BF4B-00C04F79EFBC}") = "Microsoft.Interop.SourceGeneration", "System.Runtime.InteropServices\gen\Microsoft.Interop.SourceGeneration\Microsoft.Interop.SourceGeneration.csproj", "{2989011D-9B52-4F7B-A986-BBA7C34A94CC}"
EndProject
Project("{2150E333-8FDC-42A3-9474-1A3956D46DE8}") = "gen", "gen", "{4EA2B193-176C-41BD-ACAA-540361DD0F58}"
EndProject
Project("{FAE04EC0-301F-11D3-BF4B-00C04F79EFBC}") = "System.Text.Json", "System.Text.Json\src\System.Text.Json.csproj", "{0E2C0B0E-D365-41A3-BC4B-9B9CE44F384A}"
EndProject
Project("{FAE04EC0-301F-11D3-BF4B-00C04F79EFBC}") = "System.Private.Uri", "System.Private.Uri\src\System.Private.Uri.csproj", "{472959BA-3453-40BC-ACBB-D89C31030BEC}"
EndProject
Project("{FAE04EC0-301F-11D3-BF4B-00C04F79EFBC}") = "System.Memory", "System.Memory\src\System.Memory.csproj", "{79196BAD-F673-4F73-BC66-5A86CD5289CF}"
EndProject
Project("{FAE04EC0-301F-11D3-BF4B-00C04F79EFBC}") = "System.IO.Pipelines", "System.IO.Pipelines\src\System.IO.Pipelines.csproj", "{E8B50D27-2D03-4C8C-8B5C-60AFAEFE3732}"
EndProject
Project("{FAE04EC0-301F-11D3-BF4B-00C04F79EFBC}") = "System.Text.RegularExpressions.Generator", "System.Text.RegularExpressions\gen\System.Text.RegularExpressions.Generator.csproj", "{3965FE3A-3E76-40E8-855B-A8EB5D519533}"
EndProject
Project("{FAE04EC0-301F-11D3-BF4B-00C04F79EFBC}") = "System.Text.RegularExpressions", "System.Text.RegularExpressions\ref\System.Text.RegularExpressions.csproj", "{477BC671-065C-41CA-8DB5-0BE8F1F1C9DE}"
EndProject
Project("{2150E333-8FDC-42A3-9474-1A3956D46DE8}") = "ref", "ref", "{7D805EB2-AD03-45E3-B71A-6293C6373A35}"
EndProject
Project("{FAE04EC0-301F-11D3-BF4B-00C04F79EFBC}") = "System.Runtime.InteropServices", "System.Runtime.InteropServices\src\System.Runtime.InteropServices.csproj", "{F3ED4CFD-245D-467B-B8FC-878523405F81}"
EndProject
Project("{FAE04EC0-301F-11D3-BF4B-00C04F79EFBC}") = "System.Net.Primitives", "System.Net.Primitives\ref\System.Net.Primitives.csproj", "{EC910BC3-9D6B-4AF3-9FAC-CA0A4407F49D}"
EndProject
Project("{FAE04EC0-301F-11D3-BF4B-00C04F79EFBC}") = "System.Net.Http", "System.Net.Http\ref\System.Net.Http.csproj", "{B8EB8DF1-701F-4AC9-A0AA-831882DCEFAC}"
EndProject
Project("{FAE04EC0-301F-11D3-BF4B-00C04F79EFBC}") = "System.Net.Http.Json", "System.Net.Http.Json\src\System.Net.Http.Json.csproj", "{A567C0DA-3B23-4CF3-901F-2B6F286CDF8D}"
EndProject
Project("{FAE04EC0-301F-11D3-BF4B-00C04F79EFBC}") = "System.Formats.Asn1", "System.Formats.Asn1\ref\System.Formats.Asn1.csproj", "{C42568C0-1749-44C6-BF5B-F5068937D387}"
EndProject
Project("{FAE04EC0-301F-11D3-BF4B-00C04F79EFBC}") = "System.Runtime.Numerics", "System.Runtime.Numerics\ref\System.Runtime.Numerics.csproj", "{D7CCA9F3-4A2D-419F-B1F4-4F6E1BD81031}"
EndProject
Project("{FAE04EC0-301F-11D3-BF4B-00C04F79EFBC}") = "System.Security.Cryptography", "System.Security.Cryptography\ref\System.Security.Cryptography.csproj", "{61F9C121-3F66-41F6-9E58-311F81CE01B8}"
EndProject
Global
	GlobalSection(SharedMSBuildProjectFiles) = preSolution
		System.Private.CoreLib\src\System.Private.CoreLib.Shared.projitems*{CEDB81BB-E627-4385-85A6-935212FA6C25}*SharedItemsImports = 5
		System.Private.CoreLib\src\System.Private.CoreLib.Shared.projitems*{97E4882F-A9D2-4FCE-B6FF-0566020BCF75}*SharedItemsImports = 13
	EndGlobalSection
	GlobalSection(ProjectConfigurationPlatforms) = postSolution
		{3FE912EA-3C5A-4E0D-9305-7B1BE8BB4025}.Debug|Any CPU.ActiveCfg = Debug|Any CPU
		{3FE912EA-3C5A-4E0D-9305-7B1BE8BB4025}.Debug|Any CPU.Build.0 = Debug|Any CPU
		{2989011D-9B52-4F7B-A986-BBA7C34A94CC}.Debug|Any CPU.ActiveCfg = Debug|Any CPU
		{2989011D-9B52-4F7B-A986-BBA7C34A94CC}.Debug|Any CPU.Build.0 = Debug|Any CPU
		{C6F4837B-74A1-4542-B431-F6EEEB030980}.Debug|Any CPU.ActiveCfg = Debug|Any CPU
		{C6F4837B-74A1-4542-B431-F6EEEB030980}.Debug|Any CPU.Build.0 = Debug|Any CPU
		{3965FE3A-3E76-40E8-855B-A8EB5D519533}.Debug|Any CPU.ActiveCfg = Debug|Any CPU
		{3965FE3A-3E76-40E8-855B-A8EB5D519533}.Debug|Any CPU.Build.0 = Debug|Any CPU
	EndGlobalSection
	GlobalSection(NestedProjects) = preSolution
		{3FE912EA-3C5A-4E0D-9305-7B1BE8BB4025} = {4EA2B193-176C-41BD-ACAA-540361DD0F58}
		{2989011D-9B52-4F7B-A986-BBA7C34A94CC} = {4EA2B193-176C-41BD-ACAA-540361DD0F58}
		{C6F4837B-74A1-4542-B431-F6EEEB030980} = {4EA2B193-176C-41BD-ACAA-540361DD0F58}
		{3965FE3A-3E76-40E8-855B-A8EB5D519533} = {4EA2B193-176C-41BD-ACAA-540361DD0F58}
		{477BC671-065C-41CA-8DB5-0BE8F1F1C9DE} = {7D805EB2-AD03-45E3-B71A-6293C6373A35}
		{EC910BC3-9D6B-4AF3-9FAC-CA0A4407F49D} = {7D805EB2-AD03-45E3-B71A-6293C6373A35}
		{B8EB8DF1-701F-4AC9-A0AA-831882DCEFAC} = {7D805EB2-AD03-45E3-B71A-6293C6373A35}
		{C42568C0-1749-44C6-BF5B-F5068937D387} = {7D805EB2-AD03-45E3-B71A-6293C6373A35}
		{D7CCA9F3-4A2D-419F-B1F4-4F6E1BD81031} = {7D805EB2-AD03-45E3-B71A-6293C6373A35}
		{61F9C121-3F66-41F6-9E58-311F81CE01B8} = {7D805EB2-AD03-45E3-B71A-6293C6373A35}
	EndGlobalSection
	GlobalSection(SolutionConfigurationPlatforms) = preSolution
		Debug|Any CPU = Debug|Any CPU
	EndGlobalSection
EndGlobal
